// !$*UTF8*$!
{
	archiveVersion = 1;
	classes = {
	};
	objectVersion = 50;
	objects = {

/* Begin PBXBuildFile section */
		872F5B80243AD6C3007CF601 /* AppDelegate.swift in Sources */ = {isa = PBXBuildFile; fileRef = 872F5B7F243AD6C3007CF601 /* AppDelegate.swift */; };
		872F5B82243AD6C3007CF601 /* SceneDelegate.swift in Sources */ = {isa = PBXBuildFile; fileRef = 872F5B81243AD6C3007CF601 /* SceneDelegate.swift */; };
		872F5B84243AD6C3007CF601 /* ViewController.swift in Sources */ = {isa = PBXBuildFile; fileRef = 872F5B83243AD6C3007CF601 /* ViewController.swift */; };
		872F5B87243AD6C3007CF601 /* Main.storyboard in Resources */ = {isa = PBXBuildFile; fileRef = 872F5B85243AD6C3007CF601 /* Main.storyboard */; };
		872F5B89243AD6C9007CF601 /* Assets.xcassets in Resources */ = {isa = PBXBuildFile; fileRef = 872F5B88243AD6C9007CF601 /* Assets.xcassets */; };
		872F5B8C243AD6C9007CF601 /* LaunchScreen.storyboard in Resources */ = {isa = PBXBuildFile; fileRef = 872F5B8A243AD6C9007CF601 /* LaunchScreen.storyboard */; };
/* End PBXBuildFile section */

/* Begin PBXFileReference section */
		872F5B7C243AD6C3007CF601 /* ANAlgorithm.app */ = {isa = PBXFileReference; explicitFileType = wrapper.application; includeInIndex = 0; path = ANAlgorithm.app; sourceTree = BUILT_PRODUCTS_DIR; };
		872F5B7F243AD6C3007CF601 /* AppDelegate.swift */ = {isa = PBXFileReference; lastKnownFileType = sourcecode.swift; path = AppDelegate.swift; sourceTree = "<group>"; };
		872F5B81243AD6C3007CF601 /* SceneDelegate.swift */ = {isa = PBXFileReference; lastKnownFileType = sourcecode.swift; path = SceneDelegate.swift; sourceTree = "<group>"; };
		872F5B83243AD6C3007CF601 /* ViewController.swift */ = {isa = PBXFileReference; lastKnownFileType = sourcecode.swift; path = ViewController.swift; sourceTree = "<group>"; };
		872F5B86243AD6C3007CF601 /* Base */ = {isa = PBXFileReference; lastKnownFileType = file.storyboard; name = Base; path = Base.lproj/Main.storyboard; sourceTree = "<group>"; };
		872F5B88243AD6C9007CF601 /* Assets.xcassets */ = {isa = PBXFileReference; lastKnownFileType = folder.assetcatalog; path = Assets.xcassets; sourceTree = "<group>"; };
		872F5B8B243AD6C9007CF601 /* Base */ = {isa = PBXFileReference; lastKnownFileType = file.storyboard; name = Base; path = Base.lproj/LaunchScreen.storyboard; sourceTree = "<group>"; };
		872F5B8D243AD6C9007CF601 /* Info.plist */ = {isa = PBXFileReference; lastKnownFileType = text.plist.xml; path = Info.plist; sourceTree = "<group>"; };
/* End PBXFileReference section */

/* Begin PBXFrameworksBuildPhase section */
		872F5B79243AD6C3007CF601 /* Frameworks */ = {
			isa = PBXFrameworksBuildPhase;
			buildActionMask = 2147483647;
			files = (
			);
			runOnlyForDeploymentPostprocessing = 0;
		};
/* End PBXFrameworksBuildPhase section */

/* Begin PBXGroup section */
		872F5B73243AD6C3007CF601 = {
			isa = PBXGroup;
			children = (
				872F5B7E243AD6C3007CF601 /* ANAlgorithm */,
				872F5B7D243AD6C3007CF601 /* Products */,
			);
			sourceTree = "<group>";
		};
		872F5B7D243AD6C3007CF601 /* Products */ = {
			isa = PBXGroup;
			children = (
				872F5B7C243AD6C3007CF601 /* ANAlgorithm.app */,
			);
			name = Products;
			sourceTree = "<group>";
		};
		872F5B7E243AD6C3007CF601 /* ANAlgorithm */ = {
			isa = PBXGroup;
			children = (
				872F5B7F243AD6C3007CF601 /* AppDelegate.swift */,
				872F5B81243AD6C3007CF601 /* SceneDelegate.swift */,
				872F5B83243AD6C3007CF601 /* ViewController.swift */,
				872F5B85243AD6C3007CF601 /* Main.storyboard */,
				872F5B88243AD6C9007CF601 /* Assets.xcassets */,
				872F5B8A243AD6C9007CF601 /* LaunchScreen.storyboard */,
				872F5B8D243AD6C9007CF601 /* Info.plist */,
			);
			path = ANAlgorithm;
			sourceTree = "<group>";
		};
/* End PBXGroup section */

/* Begin PBXNativeTarget section */
		872F5B7B243AD6C3007CF601 /* ANAlgorithm */ = {
			isa = PBXNativeTarget;
			buildConfigurationList = 872F5B90243AD6C9007CF601 /* Build configuration list for PBXNativeTarget "ANAlgorithm" */;
			buildPhases = (
				872F5B78243AD6C3007CF601 /* Sources */,
				872F5B79243AD6C3007CF601 /* Frameworks */,
				872F5B7A243AD6C3007CF601 /* Resources */,
			);
			buildRules = (
			);
			dependencies = (
			);
			name = ANAlgorithm;
			productName = ANAlgorithm;
			productReference = 872F5B7C243AD6C3007CF601 /* ANAlgorithm.app */;
			productType = "com.apple.product-type.application";
		};
/* End PBXNativeTarget section */

/* Begin PBXProject section */
		872F5B74243AD6C3007CF601 /* Project object */ = {
			isa = PBXProject;
			attributes = {
				LastSwiftUpdateCheck = 1110;
				LastUpgradeCheck = 1110;
				ORGANIZATIONNAME = Ansel;
				TargetAttributes = {
					872F5B7B243AD6C3007CF601 = {
						CreatedOnToolsVersion = 11.1;
					};
				};
			};
			buildConfigurationList = 872F5B77243AD6C3007CF601 /* Build configuration list for PBXProject "ANAlgorithm" */;
			compatibilityVersion = "Xcode 9.3";
			developmentRegion = en;
			hasScannedForEncodings = 0;
			knownRegions = (
				en,
				Base,
			);
			mainGroup = 872F5B73243AD6C3007CF601;
			productRefGroup = 872F5B7D243AD6C3007CF601 /* Products */;
			projectDirPath = "";
			projectRoot = "";
			targets = (
				872F5B7B243AD6C3007CF601 /* ANAlgorithm */,
			);
		};
/* End PBXProject section */

/* Begin PBXResourcesBuildPhase section */
		872F5B7A243AD6C3007CF601 /* Resources */ = {
			isa = PBXResourcesBuildPhase;
			buildActionMask = 2147483647;
			files = (
				872F5B8C243AD6C9007CF601 /* LaunchScreen.storyboard in Resources */,
				872F5B89243AD6C9007CF601 /* Assets.xcassets in Resources */,
				872F5B87243AD6C3007CF601 /* Main.storyboard in Resources */,
			);
			runOnlyForDeploymentPostprocessing = 0;
		};
/* End PBXResourcesBuildPhase section */

/* Begin PBXSourcesBuildPhase section */
		872F5B78243AD6C3007CF601 /* Sources */ = {
			isa = PBXSourcesBuildPhase;
			buildActionMask = 2147483647;
			files = (
				872F5B84243AD6C3007CF601 /* ViewController.swift in Sources */,
				872F5B80243AD6C3007CF601 /* AppDelegate.swift in Sources */,
				872F5B82243AD6C3007CF601 /* SceneDelegate.swift in Sources */,
			);
			runOnlyForDeploymentPostprocessing = 0;
		};
/* End PBXSourcesBuildPhase section */

/* Begin PBXVariantGroup section */
		872F5B85243AD6C3007CF601 /* Main.storyboard */ = {
			isa = PBXVariantGroup;
			children = (
				872F5B86243AD6C3007CF601 /* Base */,
			);
			name = Main.storyboard;
			sourceTree = "<group>";
		};
		872F5B8A243AD6C9007CF601 /* LaunchScreen.storyboard */ = {
			isa = PBXVariantGroup;
			children = (
				872F5B8B243AD6C9007CF601 /* Base */,
			);
			name = LaunchScreen.storyboard;
			sourceTree = "<group>";
		};
/* End PBXVariantGroup section */

/* Begin XCBuildConfiguration section */
		872F5B8E243AD6C9007CF601 /* Debug */ = {
			isa = XCBuildConfiguration;
			buildSettings = {
				ALWAYS_SEARCH_USER_PATHS = NO;
				CLANG_ANALYZER_NONNULL = YES;
				CLANG_ANALYZER_NUMBER_OBJECT_CONVERSION = YES_AGGRESSIVE;
				CLANG_CXX_LANGUAGE_STANDARD = "gnu++14";
				CLANG_CXX_LIBRARY = "libc++";
				CLANG_ENABLE_MODULES = YES;
				CLANG_ENABLE_OBJC_ARC = YES;
				CLANG_ENABLE_OBJC_WEAK = YES;
				CLANG_WARN_BLOCK_CAPTURE_AUTORELEASING = YES;
				CLANG_WARN_BOOL_CONVERSION = YES;
				CLANG_WARN_COMMA = YES;
				CLANG_WARN_CONSTANT_CONVERSION = YES;
				CLANG_WARN_DEPRECATED_OBJC_IMPLEMENTATIONS = YES;
				CLANG_WARN_DIRECT_OBJC_ISA_USAGE = YES_ERROR;
				CLANG_WARN_DOCUMENTATION_COMMENTS = YES;
				CLANG_WARN_EMPTY_BODY = YES;
				CLANG_WARN_ENUM_CONVERSION = YES;
				CLANG_WARN_INFINITE_RECURSION = YES;
				CLANG_WARN_INT_CONVERSION = YES;
				CLANG_WARN_NON_LITERAL_NULL_CONVERSION = YES;
				CLANG_WARN_OBJC_IMPLICIT_RETAIN_SELF = YES;
				CLANG_WARN_OBJC_LITERAL_CONVERSION = YES;
				CLANG_WARN_OBJC_ROOT_CLASS = YES_ERROR;
				CLANG_WARN_RANGE_LOOP_ANALYSIS = YES;
				CLANG_WARN_STRICT_PROTOTYPES = YES;
				CLANG_WARN_SUSPICIOUS_MOVE = YES;
				CLANG_WARN_UNGUARDED_AVAILABILITY = YES_AGGRESSIVE;
				CLANG_WARN_UNREACHABLE_CODE = YES;
				CLANG_WARN__DUPLICATE_METHOD_MATCH = YES;
				COPY_PHASE_STRIP = NO;
				DEBUG_INFORMATION_FORMAT = dwarf;
				ENABLE_STRICT_OBJC_MSGSEND = YES;
				ENABLE_TESTABILITY = YES;
				GCC_C_LANGUAGE_STANDARD = gnu11;
				GCC_DYNAMIC_NO_PIC = NO;
				GCC_NO_COMMON_BLOCKS = YES;
				GCC_OPTIMIZATION_LEVEL = 0;
				GCC_PREPROCESSOR_DEFINITIONS = (
					"DEBUG=1",
					"$(inherited)",
				);
				GCC_WARN_64_TO_32_BIT_CONVERSION = YES;
				GCC_WARN_ABOUT_RETURN_TYPE = YES_ERROR;
				GCC_WARN_UNDECLARED_SELECTOR = YES;
				GCC_WARN_UNINITIALIZED_AUTOS = YES_AGGRESSIVE;
				GCC_WARN_UNUSED_FUNCTION = YES;
				GCC_WARN_UNUSED_VARIABLE = YES;
				IPHONEOS_DEPLOYMENT_TARGET = 13.1;
				MTL_ENABLE_DEBUG_INFO = INCLUDE_SOURCE;
				MTL_FAST_MATH = YES;
				ONLY_ACTIVE_ARCH = YES;
				SDKROOT = iphoneos;
				SWIFT_ACTIVE_COMPILATION_CONDITIONS = DEBUG;
				SWIFT_OPTIMIZATION_LEVEL = "-Onone";
			};
			name = Debug;
		};
		872F5B8F243AD6C9007CF601 /* Release */ = {
			isa = XCBuildConfiguration;
			buildSettings = {
				ALWAYS_SEARCH_USER_PATHS = NO;
				CLANG_ANALYZER_NONNULL = YES;
				CLANG_ANALYZER_NUMBER_OBJECT_CONVERSION = YES_AGGRESSIVE;
				CLANG_CXX_LANGUAGE_STANDARD = "gnu++14";
				CLANG_CXX_LIBRARY = "libc++";
				CLANG_ENABLE_MODULES = YES;
				CLANG_ENABLE_OBJC_ARC = YES;
				CLANG_ENABLE_OBJC_WEAK = YES;
				CLANG_WARN_BLOCK_CAPTURE_AUTORELEASING = YES;
				CLANG_WARN_BOOL_CONVERSION = YES;
				CLANG_WARN_COMMA = YES;
				CLANG_WARN_CONSTANT_CONVERSION = YES;
				CLANG_WARN_DEPRECATED_OBJC_IMPLEMENTATIONS = YES;
				CLANG_WARN_DIRECT_OBJC_ISA_USAGE = YES_ERROR;
				CLANG_WARN_DOCUMENTATION_COMMENTS = YES;
				CLANG_WARN_EMPTY_BODY = YES;
				CLANG_WARN_ENUM_CONVERSION = YES;
				CLANG_WARN_INFINITE_RECURSION = YES;
				CLANG_WARN_INT_CONVERSION = YES;
				CLANG_WARN_NON_LITERAL_NULL_CONVERSION = YES;
				CLANG_WARN_OBJC_IMPLICIT_RETAIN_SELF = YES;
				CLANG_WARN_OBJC_LITERAL_CONVERSION = YES;
				CLANG_WARN_OBJC_ROOT_CLASS = YES_ERROR;
				CLANG_WARN_RANGE_LOOP_ANALYSIS = YES;
				CLANG_WARN_STRICT_PROTOTYPES = YES;
				CLANG_WARN_SUSPICIOUS_MOVE = YES;
				CLANG_WARN_UNGUARDED_AVAILABILITY = YES_AGGRESSIVE;
				CLANG_WARN_UNREACHABLE_CODE = YES;
				CLANG_WARN__DUPLICATE_METHOD_MATCH = YES;
				COPY_PHASE_STRIP = NO;
				DEBUG_INFORMATION_FORMAT = "dwarf-with-dsym";
				ENABLE_NS_ASSERTIONS = NO;
				ENABLE_STRICT_OBJC_MSGSEND = YES;
				GCC_C_LANGUAGE_STANDARD = gnu11;
				GCC_NO_COMMON_BLOCKS = YES;
				GCC_WARN_64_TO_32_BIT_CONVERSION = YES;
				GCC_WARN_ABOUT_RETURN_TYPE = YES_ERROR;
				GCC_WARN_UNDECLARED_SELECTOR = YES;
				GCC_WARN_UNINITIALIZED_AUTOS = YES_AGGRESSIVE;
				GCC_WARN_UNUSED_FUNCTION = YES;
				GCC_WARN_UNUSED_VARIABLE = YES;
				IPHONEOS_DEPLOYMENT_TARGET = 13.1;
				MTL_ENABLE_DEBUG_INFO = NO;
				MTL_FAST_MATH = YES;
				SDKROOT = iphoneos;
				SWIFT_COMPILATION_MODE = wholemodule;
				SWIFT_OPTIMIZATION_LEVEL = "-O";
				VALIDATE_PRODUCT = YES;
			};
			name = Release;
		};
		872F5B91243AD6C9007CF601 /* Debug */ = {
			isa = XCBuildConfiguration;
			buildSettings = {
				ASSETCATALOG_COMPILER_APPICON_NAME = AppIcon;
				CODE_SIGN_STYLE = Automatic;
				INFOPLIST_FILE = ANAlgorithm/Info.plist;
				LD_RUNPATH_SEARCH_PATHS = (
					"$(inherited)",
					"@executable_path/Frameworks",
				);
				PRODUCT_BUNDLE_IDENTIFIER = AnaselPeng.ANAlgorithm;
				PRODUCT_NAME = "$(TARGET_NAME)";
				SWIFT_VERSION = 5.0;
				TARGETED_DEVICE_FAMILY = "1,2";
			};
			name = Debug;
		};
		872F5B92243AD6C9007CF601 /* Release */ = {
			isa = XCBuildConfiguration;
			buildSettings = {
				ASSETCATALOG_COMPILER_APPICON_NAME = AppIcon;
				CODE_SIGN_STYLE = Automatic;
				INFOPLIST_FILE = ANAlgorithm/Info.plist;
				LD_RUNPATH_SEARCH_PATHS = (
					"$(inherited)",
					"@executable_path/Frameworks",
				);
				PRODUCT_BUNDLE_IDENTIFIER = AnaselPeng.ANAlgorithm;
				PRODUCT_NAME = "$(TARGET_NAME)";
				SWIFT_VERSION = 5.0;
				TARGETED_DEVICE_FAMILY = "1,2";
			};
			name = Release;
		};
/* End XCBuildConfiguration section */

/* Begin XCConfigurationList section */
		872F5B77243AD6C3007CF601 /* Build configuration list for PBXProject "ANAlgorithm" */ = {
			isa = XCConfigurationList;
			buildConfigurations = (
				872F5B8E243AD6C9007CF601 /* Debug */,
				872F5B8F243AD6C9007CF601 /* Release */,
			);
			defaultConfigurationIsVisible = 0;
			defaultConfigurationName = Release;
		};
		872F5B90243AD6C9007CF601 /* Build configuration list for PBXNativeTarget "ANAlgorithm" */ = {
			isa = XCConfigurationList;
			buildConfigurations = (
				872F5B91243AD6C9007CF601 /* Debug */,
				872F5B92243AD6C9007CF601 /* Release */,
			);
			defaultConfigurationIsVisible = 0;
			defaultConfigurationName = Release;
		};
/* End XCConfigurationList section */
	};
	rootObject = 872F5B74243AD6C3007CF601 /* Project object */;
}
